
Microsoft Visual Studio Solution File, Format Version 12.00
# Visual Studio Version 16
VisualStudioVersion = 16.0.29215.179
MinimumVisualStudioVersion = 10.0.40219.1
Project("{2150E333-8FDC-42A3-9474-1A3956D46DE8}") = "Build", "Build", "{A4E004F2-9E26-4A47-A509-F8DA024A8436}"
	ProjectSection(SolutionItems) = preProject
		appveyor.yml = appveyor.yml
		build\common.props = build\common.props
		build\sourcelink.props = build\sourcelink.props
		build\version.props = build\version.props
	EndProjectSection
EndProject
Project("{9A19103F-16F7-4668-BE54-9A1E7A4F7556}") = "FluentRest", "src\FluentRest\FluentRest.csproj", "{392B3B57-8EEA-4B15-845E-6A4402364989}"
EndProject
Project("{9A19103F-16F7-4668-BE54-9A1E7A4F7556}") = "FluentRest.Factory", "src\FluentRest.Factory\FluentRest.Factory.csproj", "{95D006C9-ACD7-44C1-BCB7-FB20668B16E4}"
EndProject
Project("{9A19103F-16F7-4668-BE54-9A1E7A4F7556}") = "FluentRest.Tests", "test\FluentRest.Tests\FluentRest.Tests.csproj", "{0A4137F3-5EE0-4228-9D7D-04230BC02B36}"
EndProject
Project("{9A19103F-16F7-4668-BE54-9A1E7A4F7556}") = "FluentRest.Fake", "src\FluentRest.Fake\FluentRest.Fake.csproj", "{3A5BD96E-2777-4A88-9DDF-4BE6EECD23A0}"
EndProject
Project("{2150E333-8FDC-42A3-9474-1A3956D46DE8}") = "Tests", "Tests", "{CEBD90B3-8EF8-4927-9579-069999D4234B}"
EndProject
Project("{9A19103F-16F7-4668-BE54-9A1E7A4F7556}") = "FluentRest.Fake.Tests", "test\FluentRest.Fake.Tests\FluentRest.Fake.Tests.csproj", "{7E8B7288-7639-4F5E-81B4-E893025883C1}"
EndProject
Project("{9A19103F-16F7-4668-BE54-9A1E7A4F7556}") = "FluentRest.Factory.Tests", "test\FluentRest.Factory.Tests\FluentRest.Factory.Tests.csproj", "{18679048-995B-472F-9B21-6139252413DC}"
EndProject
Project("{FAE04EC0-301F-11D3-BF4B-00C04F79EFBC}") = "FluentRest.NewtonsoftJson", "src\FluentRest.NewtonsoftJson\FluentRest.NewtonsoftJson.csproj", "{5575B4BC-E230-4ECA-9AE9-EEDF22233A87}"
EndProject
Global
	GlobalSection(SolutionConfigurationPlatforms) = preSolution
		Debug|Any CPU = Debug|Any CPU
		Release|Any CPU = Release|Any CPU
	EndGlobalSection
	GlobalSection(ProjectConfigurationPlatforms) = postSolution
		{392B3B57-8EEA-4B15-845E-6A4402364989}.Debug|Any CPU.ActiveCfg = Debug|Any CPU
		{392B3B57-8EEA-4B15-845E-6A4402364989}.Debug|Any CPU.Build.0 = Debug|Any CPU
		{392B3B57-8EEA-4B15-845E-6A4402364989}.Release|Any CPU.ActiveCfg = Release|Any CPU
		{392B3B57-8EEA-4B15-845E-6A4402364989}.Release|Any CPU.Build.0 = Release|Any CPU
		{95D006C9-ACD7-44C1-BCB7-FB20668B16E4}.Debug|Any CPU.ActiveCfg = Debug|Any CPU
		{95D006C9-ACD7-44C1-BCB7-FB20668B16E4}.Debug|Any CPU.Build.0 = Debug|Any CPU
		{95D006C9-ACD7-44C1-BCB7-FB20668B16E4}.Release|Any CPU.ActiveCfg = Release|Any CPU
		{95D006C9-ACD7-44C1-BCB7-FB20668B16E4}.Release|Any CPU.Build.0 = Release|Any CPU
		{0A4137F3-5EE0-4228-9D7D-04230BC02B36}.Debug|Any CPU.ActiveCfg = Debug|Any CPU
		{0A4137F3-5EE0-4228-9D7D-04230BC02B36}.Debug|Any CPU.Build.0 = Debug|Any CPU
		{0A4137F3-5EE0-4228-9D7D-04230BC02B36}.Release|Any CPU.ActiveCfg = Release|Any CPU
		{0A4137F3-5EE0-4228-9D7D-04230BC02B36}.Release|Any CPU.Build.0 = Release|Any CPU
		{3A5BD96E-2777-4A88-9DDF-4BE6EECD23A0}.Debug|Any CPU.ActiveCfg = Debug|Any CPU
		{3A5BD96E-2777-4A88-9DDF-4BE6EECD23A0}.Debug|Any CPU.Build.0 = Debug|Any CPU
		{3A5BD96E-2777-4A88-9DDF-4BE6EECD23A0}.Release|Any CPU.ActiveCfg = Release|Any CPU
		{3A5BD96E-2777-4A88-9DDF-4BE6EECD23A0}.Release|Any CPU.Build.0 = Release|Any CPU
		{7E8B7288-7639-4F5E-81B4-E893025883C1}.Debug|Any CPU.ActiveCfg = Debug|Any CPU
		{7E8B7288-7639-4F5E-81B4-E893025883C1}.Debug|Any CPU.Build.0 = Debug|Any CPU
		{7E8B7288-7639-4F5E-81B4-E893025883C1}.Release|Any CPU.ActiveCfg = Release|Any CPU
		{7E8B7288-7639-4F5E-81B4-E893025883C1}.Release|Any CPU.Build.0 = Release|Any CPU
		{18679048-995B-472F-9B21-6139252413DC}.Debug|Any CPU.ActiveCfg = Debug|Any CPU
		{18679048-995B-472F-9B21-6139252413DC}.Debug|Any CPU.Build.0 = Debug|Any CPU
		{18679048-995B-472F-9B21-6139252413DC}.Release|Any CPU.ActiveCfg = Release|Any CPU
		{18679048-995B-472F-9B21-6139252413DC}.Release|Any CPU.Build.0 = Release|Any CPU
		{5575B4BC-E230-4ECA-9AE9-EEDF22233A87}.Debug|Any CPU.ActiveCfg = Debug|Any CPU
		{5575B4BC-E230-4ECA-9AE9-EEDF22233A87}.Debug|Any CPU.Build.0 = Debug|Any CPU
		{5575B4BC-E230-4ECA-9AE9-EEDF22233A87}.Release|Any CPU.ActiveCfg = Release|Any CPU
		{5575B4BC-E230-4ECA-9AE9-EEDF22233A87}.Release|Any CPU.Build.0 = Release|Any CPU
	EndGlobalSection
	GlobalSection(SolutionProperties) = preSolution
		HideSolutionNode = FALSE
	EndGlobalSection
	GlobalSection(NestedProjects) = preSolution
		{0A4137F3-5EE0-4228-9D7D-04230BC02B36} = {CEBD90B3-8EF8-4927-9579-069999D4234B}
		{7E8B7288-7639-4F5E-81B4-E893025883C1} = {CEBD90B3-8EF8-4927-9579-069999D4234B}
		{18679048-995B-472F-9B21-6139252413DC} = {CEBD90B3-8EF8-4927-9579-069999D4234B}
	EndGlobalSection
	GlobalSection(ExtensibilityGlobals) = postSolution
		SolutionGuid = {66730C92-2305-44F9-957C-8369CA0FF6B1}
	EndGlobalSection
EndGlobal
